# THIS IS AN AUTOGENERATED FILE. DO NOT EDIT THIS FILE DIRECTLY.
# yarn lockfile v1


snekfetch@^3.6.4:
  version "3.6.4"
  resolved "https://registry.yarnpkg.com/snekfetch/-/snekfetch-3.6.4.tgz#d13e80a616d892f3d38daae4289f4d258a645120"
  integrity sha512-NjxjITIj04Ffqid5lqr7XdgwM7X61c/Dns073Ly170bPQHLm6jkmelye/eglS++1nfTWktpP6Y2bFXjdPlQqdw==

webhook-discord@^3.0.1:
  version "3.0.1"
  resolved "https://registry.yarnpkg.com/webhook-discord/-/webhook-discord-3.0.1.tgz#3461e6779ee2b354cec374ce14deb99e6909dac0"
  integrity sha512-PYWtl85bxDsfLf0GWqwC98iauvwj8uGOouMLUCdY2dI+L2XjE5Az3Mf+CdQlRHeDXh1235smBTIDoWt/Z56t7g==
  dependencies:
    snekfetch "^3.6.4"
